
Microsoft Visual Studio Solution File, Format Version 12.00
# Visual Studio Version 17
VisualStudioVersion = 17.0.31919.166
MinimumVisualStudioVersion = 10.0.40219.1
Project("{FAE04EC0-301F-11D3-BF4B-00C04F79EFBC}") = "Activity0201_ExistingDbCore", "Activity0201_ExistingDbCore\Activity0201_ExistingDbCore.csproj", "{AFE931E7-C3B7-4BB7-A52B-10377F5078B6}"
EndProject
Project("{9A19103F-16F7-4668-BE54-9A1E7A4F7556}") = "EF_Activity001", "EF_Activity001\EF_Activity001.csproj", "{B477EC81-51EC-414E-93CA-45E89C631753}"
EndProject
Global
	GlobalSection(SolutionConfigurationPlatforms) = preSolution
		Debug|Any CPU = Debug|Any CPU
		Release|Any CPU = Release|Any CPU
	EndGlobalSection
	GlobalSection(ProjectConfigurationPlatforms) = postSolution
		{AFE931E7-C3B7-4BB7-A52B-10377F5078B6}.Debug|Any CPU.ActiveCfg = Debug|Any CPU
		{AFE931E7-C3B7-4BB7-A52B-10377F5078B6}.Debug|Any CPU.Build.0 = Debug|Any CPU
		{AFE931E7-C3B7-4BB7-A52B-10377F5078B6}.Release|Any CPU.ActiveCfg = Release|Any CPU
		{AFE931E7-C3B7-4BB7-A52B-10377F5078B6}.Release|Any CPU.Build.0 = Release|Any CPU
		{B477EC81-51EC-414E-93CA-45E89C631753}.Debug|Any CPU.ActiveCfg = Debug|Any CPU
		{B477EC81-51EC-414E-93CA-45E89C631753}.Debug|Any CPU.Build.0 = Debug|Any CPU
		{B477EC81-51EC-414E-93CA-45E89C631753}.Release|Any CPU.ActiveCfg = Release|Any CPU
		{B477EC81-51EC-414E-93CA-45E89C631753}.Release|Any CPU.Build.0 = Release|Any CPU
	EndGlobalSection
	GlobalSection(SolutionProperties) = preSolution
		HideSolutionNode = FALSE
	EndGlobalSection
	GlobalSection(ExtensibilityGlobals) = postSolution
		SolutionGuid = {FE1CA5F8-708E-4471-AD32-DC97E506A852}
	EndGlobalSection
EndGlobal
